{
  "nodes": {
    "cocoapods": {
      "inputs": {
        "nixpkgs": [
          "nixpkgs"
        ]
      },
      "locked": {
        "dir": "cocoapods",
        "lastModified": 1727008937,
        "narHash": "sha256-30nuv/mQP1D6d+m/+ccl+DzgVAkM23arAYlTwodtBOg=",
        "owner": "wojciech-kulik",
        "repo": "nix-flakes",
        "rev": "20219048f292f26ca7624b2fab3aef355842dc09",
        "type": "github"
      },
      "original": {
        "dir": "cocoapods",
        "owner": "wojciech-kulik",
        "repo": "nix-flakes",
        "type": "github"
      }
    },
    "nixpkgs": {
      "locked": {
        "lastModified": 1726755586,
        "narHash": "sha256-PmUr/2GQGvFTIJ6/Tvsins7Q43KTMvMFhvG6oaYK+Wk=",
        "owner": "nixos",
        "repo": "nixpkgs",
        "rev": "c04d5652cfa9742b1d519688f65d1bbccea9eb7e",
        "type": "github"
      },
      "original": {
        "owner": "nixos",
        "ref": "nixos-unstable",
        "repo": "nixpkgs",
        "type": "github"
      }
    },
    "root": {
      "inputs": {
        "cocoapods": "cocoapods",
        "nixpkgs": "nixpkgs"
      }
    }
  },
  "root": "root",
  "version": 7
}
